{
  "nodes": {
    "nixpkgs": {
      "locked": {
        "lastModified": 1717281328,
        "narHash": "sha256-evZPzpf59oNcDUXxh2GHcxHkTEG4fjae2ytWP85jXRo=",
        "owner": "NixOS",
        "repo": "nixpkgs",
        "rev": "b3b2b28c1daa04fe2ae47c21bb76fd226eac4ca1",
        "type": "github"
      },
      "original": {
        "owner": "NixOS",
        "ref": "nixos-24.05",
        "repo": "nixpkgs",
        "type": "github"
      }
    },
    "nixpkgs-unstable": {
      "locked": {
        "lastModified": 1717399147,
        "narHash": "sha256-eCWaE/q1VItpFAxxLVt171MdtDcjEnwi6QB/yuF73JU=",
        "owner": "NixOS",
        "repo": "nixpkgs",
        "rev": "4a4ecb0ab415c9fccfb005567a215e6a9564cdf5",
        "type": "github"
      },
      "original": {
        "owner": "NixOS",
        "ref": "nixpkgs-unstable",
        "repo": "nixpkgs",
        "type": "github"
      }
    },
    "root": {
      "inputs": {
        "nixpkgs": "nixpkgs",
        "nixpkgs-unstable": "nixpkgs-unstable"
      }
    }
  },
  "root": "root",
  "version": 7
}
